<?xml version="1.0" encoding="utf-8"?>
<Project ToolsVersion="4.0" xmlns="http://schemas.microsoft.com/developer/msbuild/2003">
  <ItemGroup>
    <Filter Include="Source Files">
      <UniqueIdentifier>{4FC737F1-C7A5-4376-A066-2A32D752A2FF}</UniqueIdentifier>
      <Extensions>cpp;c;cc;cxx;c++;cppm;ixx;def;odl;idl;hpj;bat;asm;asmx</Extensions>
    </Filter>
    <Filter Include="Header Files">
      <UniqueIdentifier>{93995380-89BD-4b04-88EB-625FBE52EBFB}</UniqueIdentifier>
      <Extensions>h;hh;hpp;hxx;h++;hm;inl;inc;ipp;xsd</Extensions>
    </Filter>
    <Filter Include="Resource Files">
      <UniqueIdentifier>{67DA6AB6-F800-4c08-8B7A-83BB121AAD01}</UniqueIdentifier>
      <Extensions>rc;ico;cur;bmp;dlg;rc2;rct;bin;rgs;gif;jpg;jpeg;jpe;resx;tiff;tif;png;wav;mfcribbon-ms</Extensions>
    </Filter>
    <Filter Include="Header Files\ecs">
      <UniqueIdentifier>{fbf7b003-e0e0-4b62-ad3c-28181a46862c}</UniqueIdentifier>
    </Filter>
    <Filter Include="Header Files\components">
      <UniqueIdentifier>{d26ce727-b56a-40f7-b8c8-942a875dc6f9}</UniqueIdentifier>
    </Filter>
    <Filter Include="Header Files\systems">
      <UniqueIdentifier>{aa1860dc-ddd7-4f10-9c5e-784d689864ab}</UniqueIdentifier>
    </Filter>
    <Filter Include="Header Files\entities">
      <UniqueIdentifier>{42fb5b49-904c-41d4-a231-666381fcd6f0}</UniqueIdentifier>
    </Filter>
    <Filter Include="Header Files\tools">
      <UniqueIdentifier>{28e68753-b86b-45e0-b7a2-a589c8a772cf}</UniqueIdentifier>
    </Filter>
    <Filter Include="Header Files\rendering">
      <UniqueIdentifier>{b77d2e93-4ea3-43eb-a683-10b7fd7f65e8}</UniqueIdentifier>
    </Filter>
    <Filter Include="Source Files\components">
      <UniqueIdentifier>{7c7134a3-e6d1-4011-a7f7-a61e29cc0282}</UniqueIdentifier>
    </Filter>
    <Filter Include="Source Files\systems">
      <UniqueIdentifier>{9994e8d8-8aee-4449-9d84-d835494f6d77}</UniqueIdentifier>
    </Filter>
    <Filter Include="Source Files\rendering">
      <UniqueIdentifier>{fd265708-f1a9-48a6-8130-d93b9dd84cb1}</UniqueIdentifier>
    </Filter>
    <Filter Include="Source Files\tools">
      <UniqueIdentifier>{f11ef3f2-13a6-4971-a2f2-bcca9f6189c9}</UniqueIdentifier>
    </Filter>
  </ItemGroup>
  <ItemGroup>
    <ClCompile Include="Core.cpp">
      <Filter>Source Files</Filter>
    </ClCompile>
    <ClCompile Include="Engine.cpp">
      <Filter>Source Files</Filter>
    </ClCompile>
    <ClCompile Include="main.cpp">
      <Filter>Source Files</Filter>
    </ClCompile>
    <ClCompile Include="CameraComponent.cpp">
      <Filter>Source Files\components</Filter>
    </ClCompile>
    <ClCompile Include="MeshComponent.cpp">
      <Filter>Source Files\components</Filter>
    </ClCompile>
    <ClCompile Include="InputComponent.cpp">
      <Filter>Source Files\components</Filter>
    </ClCompile>
    <ClCompile Include="ButtonSystem.cpp">
      <Filter>Source Files\systems</Filter>
    </ClCompile>
    <ClCompile Include="CameraSystem.cpp">
      <Filter>Source Files\systems</Filter>
    </ClCompile>
    <ClCompile Include="LevitationSystem.cpp">
      <Filter>Source Files\systems</Filter>
    </ClCompile>
    <ClCompile Include="WaypointSystem.cpp">
      <Filter>Source Files\systems</Filter>
    </ClCompile>
    <ClCompile Include="Skybox.cpp">
      <Filter>Source Files\rendering</Filter>
    </ClCompile>
    <ClCompile Include="ShadowMap.cpp">
      <Filter>Source Files\rendering</Filter>
    </ClCompile>
    <ClCompile Include="ShaderProgram.cpp">
      <Filter>Source Files\rendering</Filter>
    </ClCompile>
    <ClCompile Include="Display.cpp">
      <Filter>Source Files\rendering</Filter>
    </ClCompile>
    <ClCompile Include="Framebuffer.cpp">
      <Filter>Source Files\rendering</Filter>
    </ClCompile>
    <ClCompile Include="RenderSystem.cpp">
      <Filter>Source Files\systems</Filter>
    </ClCompile>
    <ClCompile Include="OBJLoader.cpp">
      <Filter>Source Files\tools</Filter>
    </ClCompile>
  </ItemGroup>
  <ItemGroup>
    <ClInclude Include="Core.h">
      <Filter>Header Files</Filter>
    </ClInclude>
    <ClInclude Include="Engine.h">
      <Filter>Header Files</Filter>
    </ClInclude>
    <ClInclude Include="ButtonComponent.h">
      <Filter>Header Files\components</Filter>
    </ClInclude>
    <ClInclude Include="CameraComponent.h">
      <Filter>Header Files\components</Filter>
    </ClInclude>
    <ClInclude Include="InputComponent.h">
      <Filter>Header Files\components</Filter>
    </ClInclude>
    <ClInclude Include="LevitationComponent.h">
      <Filter>Header Files\components</Filter>
    </ClInclude>
    <ClInclude Include="MeshComponent.h">
      <Filter>Header Files\components</Filter>
    </ClInclude>
    <ClInclude Include="SphereColliderComponent.h">
      <Filter>Header Files\components</Filter>
    </ClInclude>
    <ClInclude Include="TransformComponent.h">
      <Filter>Header Files\components</Filter>
    </ClInclude>
    <ClInclude Include="VelocityComponent.h">
      <Filter>Header Files\components</Filter>
    </ClInclude>
    <ClInclude Include="WindComponent.h">
      <Filter>Header Files\components</Filter>
    </ClInclude>
    <ClInclude Include="ButtonSystem.h">
      <Filter>Header Files\systems</Filter>
    </ClInclude>
    <ClInclude Include="CameraSystem.h">
      <Filter>Header Files\systems</Filter>
    </ClInclude>
    <ClInclude Include="LevitationSystem.h">
      <Filter>Header Files\systems</Filter>
    </ClInclude>
    <ClInclude Include="RenderSystem.h">
      <Filter>Header Files\systems</Filter>
    </ClInclude>
    <ClInclude Include="WaypointSystem.h">
      <Filter>Header Files\systems</Filter>
    </ClInclude>
    <ClInclude Include="Component.h">
      <Filter>Header Files\ecs</Filter>
    </ClInclude>
    <ClInclude Include="System.h">
      <Filter>Header Files\ecs</Filter>
    </ClInclude>
    <ClInclude Include="Entity.h">
      <Filter>Header Files\ecs</Filter>
    </ClInclude>
    <ClInclude Include="Button.h">
      <Filter>Header Files\entities</Filter>
    </ClInclude>
    <ClInclude Include="Camera.h">
      <Filter>Header Files\entities</Filter>
    </ClInclude>
    <ClInclude Include="DirectionalLight.h">
      <Filter>Header Files\entities</Filter>
    </ClInclude>
    <ClInclude Include="Swan.h">
      <Filter>Header Files\entities</Filter>
    </ClInclude>
    <ClInclude Include="SettingsKit.h">
      <Filter>Header Files\entities</Filter>
    </ClInclude>
    <ClInclude Include="LevitatingActor.h">
      <Filter>Header Files\entities</Filter>
    </ClInclude>
    <ClInclude Include="Model.h">
      <Filter>Header Files\entities</Filter>
    </ClInclude>
    <ClInclude Include="WindActor.h">
      <Filter>Header Files\entities</Filter>
    </ClInclude>
    <ClInclude Include="PathComponent.h">
      <Filter>Header Files\components</Filter>
    </ClInclude>
    <ClInclude Include="Display.h">
      <Filter>Header Files\rendering</Filter>
    </ClInclude>
    <ClInclude Include="Framebuffer.h">
      <Filter>Header Files\rendering</Filter>
    </ClInclude>
    <ClInclude Include="ShaderProgram.h">
      <Filter>Header Files\rendering</Filter>
    </ClInclude>
    <ClInclude Include="ShadowMap.h">
      <Filter>Header Files\rendering</Filter>
    </ClInclude>
    <ClInclude Include="Skybox.h">
      <Filter>Header Files\rendering</Filter>
    </ClInclude>
    <ClInclude Include="Utils.h">
      <Filter>Header Files\tools</Filter>
    </ClInclude>
    <ClInclude Include="OBJLoader.h">
      <Filter>Header Files\tools</Filter>
    </ClInclude>
    <ClInclude Include="Exception.h">
      <Filter>Header Files\tools</Filter>
    </ClInclude>
  </ItemGroup>
  <ItemGroup>
    <None Include="fs_framebuffer.glsl">
      <Filter>Resource Files</Filter>
    </None>
    <None Include="fs_model.glsl">
      <Filter>Resource Files</Filter>
    </None>
    <None Include="fs_shadow.glsl">
      <Filter>Resource Files</Filter>
    </None>
    <None Include="fs_skybox.glsl">
      <Filter>Resource Files</Filter>
    </None>
    <None Include="vs_framebuffer.glsl">
      <Filter>Resource Files</Filter>
    </None>
    <None Include="vs_model.glsl">
      <Filter>Resource Files</Filter>
    </None>
    <None Include="vs_shadow.glsl">
      <Filter>Resource Files</Filter>
    </None>
    <None Include="vs_skybox.glsl">
      <Filter>Resource Files</Filter>
    </None>
  </ItemGroup>
</Project>